
Microsoft Visual Studio Solution File, Format Version 12.00
# Visual Studio Version 17
VisualStudioVersion = 17.5.33627.172
MinimumVisualStudioVersion = 10.0.40219.1
Project("{FAE04EC0-301F-11D3-BF4B-00C04F79EFBC}") = "4 - binding XML", "4 - binding XML.csproj", "{EA1DF26B-877F-4CFE-A200-AB96FA922283}"
EndProject
Global
	GlobalSection(SolutionConfigurationPlatforms) = preSolution
		Debug|Any CPU = Debug|Any CPU
		Release|Any CPU = Release|Any CPU
	EndGlobalSection
	GlobalSection(ProjectConfigurationPlatforms) = postSolution
		{EA1DF26B-877F-4CFE-A200-AB96FA922283}.Debug|Any CPU.ActiveCfg = Debug|Any CPU
		{EA1DF26B-877F-4CFE-A200-AB96FA922283}.Debug|Any CPU.Build.0 = Debug|Any CPU
		{EA1DF26B-877F-4CFE-A200-AB96FA922283}.Release|Any CPU.ActiveCfg = Release|Any CPU
		{EA1DF26B-877F-4CFE-A200-AB96FA922283}.Release|Any CPU.Build.0 = Release|Any CPU
	EndGlobalSection
	GlobalSection(SolutionProperties) = preSolution
		HideSolutionNode = FALSE
	EndGlobalSection
	GlobalSection(ExtensibilityGlobals) = postSolution
		SolutionGuid = {98CD6535-A563-4EE1-8FE8-15A0C74CBF86}
	EndGlobalSection
EndGlobal
